
Microsoft Visual Studio Solution File, Format Version 12.00
Project("{FAE04EC0-301F-11D3-BF4B-00C04F79EFBC}") = "DayTests", "DayTests\DayTests.csproj", "{107B3299-6354-4246-901B-FD93AECA6FBD}"
EndProject
Project("{FAE04EC0-301F-11D3-BF4B-00C04F79EFBC}") = "Toolbox", "Toolbox\Toolbox.csproj", "{D8EAB24B-9DFB-4C5F-A846-8261AE8C87C6}"
EndProject
Project("{FAE04EC0-301F-11D3-BF4B-00C04F79EFBC}") = "Toolbox.Tests", "Toolbox.Tests\Toolbox.Tests.csproj", "{A6975893-2C43-4F83-9E10-C881FA365498}"
EndProject
Global
	GlobalSection(SolutionConfigurationPlatforms) = preSolution
		Debug|Any CPU = Debug|Any CPU
		Release|Any CPU = Release|Any CPU
	EndGlobalSection
	GlobalSection(ProjectConfigurationPlatforms) = postSolution
		{107B3299-6354-4246-901B-FD93AECA6FBD}.Debug|Any CPU.ActiveCfg = Debug|Any CPU
		{107B3299-6354-4246-901B-FD93AECA6FBD}.Debug|Any CPU.Build.0 = Debug|Any CPU
		{107B3299-6354-4246-901B-FD93AECA6FBD}.Release|Any CPU.ActiveCfg = Release|Any CPU
		{107B3299-6354-4246-901B-FD93AECA6FBD}.Release|Any CPU.Build.0 = Release|Any CPU
		{D8EAB24B-9DFB-4C5F-A846-8261AE8C87C6}.Debug|Any CPU.ActiveCfg = Debug|Any CPU
		{D8EAB24B-9DFB-4C5F-A846-8261AE8C87C6}.Debug|Any CPU.Build.0 = Debug|Any CPU
		{D8EAB24B-9DFB-4C5F-A846-8261AE8C87C6}.Release|Any CPU.ActiveCfg = Release|Any CPU
		{D8EAB24B-9DFB-4C5F-A846-8261AE8C87C6}.Release|Any CPU.Build.0 = Release|Any CPU
		{A6975893-2C43-4F83-9E10-C881FA365498}.Debug|Any CPU.ActiveCfg = Debug|Any CPU
		{A6975893-2C43-4F83-9E10-C881FA365498}.Debug|Any CPU.Build.0 = Debug|Any CPU
		{A6975893-2C43-4F83-9E10-C881FA365498}.Release|Any CPU.ActiveCfg = Release|Any CPU
		{A6975893-2C43-4F83-9E10-C881FA365498}.Release|Any CPU.Build.0 = Release|Any CPU
	EndGlobalSection
EndGlobal
